
Microsoft Visual Studio Solution File, Format Version 12.00
# Visual Studio Version 17
VisualStudioVersion = 17.3.32929.385
MinimumVisualStudioVersion = 10.0.40219.1
Project("{FAE04EC0-301F-11D3-BF4B-00C04F79EFBC}") = "TanieChlanie.API", "TanieChlanie.API\TanieChlanie.API.csproj", "{90299899-6253-4E67-A5DA-CBCD4B325147}"
EndProject
Global
	GlobalSection(SolutionConfigurationPlatforms) = preSolution
		Debug|Any CPU = Debug|Any CPU
		Release|Any CPU = Release|Any CPU
	EndGlobalSection
	GlobalSection(ProjectConfigurationPlatforms) = postSolution
		{90299899-6253-4E67-A5DA-CBCD4B325147}.Debug|Any CPU.ActiveCfg = Debug|Any CPU
		{90299899-6253-4E67-A5DA-CBCD4B325147}.Debug|Any CPU.Build.0 = Debug|Any CPU
		{90299899-6253-4E67-A5DA-CBCD4B325147}.Release|Any CPU.ActiveCfg = Release|Any CPU
		{90299899-6253-4E67-A5DA-CBCD4B325147}.Release|Any CPU.Build.0 = Release|Any CPU
	EndGlobalSection
	GlobalSection(SolutionProperties) = preSolution
		HideSolutionNode = FALSE
	EndGlobalSection
	GlobalSection(ExtensibilityGlobals) = postSolution
		SolutionGuid = {7B50BA70-7F6C-4341-8FD4-28AE75DD1E2D}
	EndGlobalSection
EndGlobal
